
Microsoft Visual Studio Solution File, Format Version 12.00
# Visual Studio Version 17
VisualStudioVersion = 17.4.33213.308
MinimumVisualStudioVersion = 10.0.40219.1
Project("{FAE04EC0-301F-11D3-BF4B-00C04F79EFBC}") = "KassaSystemet2.0", "KassaSystemet2.0\KassaSystemet2.0.csproj", "{623753E0-D17B-4AAA-94E1-B28B7533267F}"
EndProject
Global
	GlobalSection(SolutionConfigurationPlatforms) = preSolution
		Debug|Any CPU = Debug|Any CPU
		Release|Any CPU = Release|Any CPU
	EndGlobalSection
	GlobalSection(ProjectConfigurationPlatforms) = postSolution
		{623753E0-D17B-4AAA-94E1-B28B7533267F}.Debug|Any CPU.ActiveCfg = Debug|Any CPU
		{623753E0-D17B-4AAA-94E1-B28B7533267F}.Debug|Any CPU.Build.0 = Debug|Any CPU
		{623753E0-D17B-4AAA-94E1-B28B7533267F}.Release|Any CPU.ActiveCfg = Release|Any CPU
		{623753E0-D17B-4AAA-94E1-B28B7533267F}.Release|Any CPU.Build.0 = Release|Any CPU
	EndGlobalSection
	GlobalSection(SolutionProperties) = preSolution
		HideSolutionNode = FALSE
	EndGlobalSection
	GlobalSection(ExtensibilityGlobals) = postSolution
		SolutionGuid = {1BE48EE9-6DF4-4131-9257-8FBF486F8BD2}
	EndGlobalSection
EndGlobal
